// !$*UTF8*$!
{
	archiveVersion = 1;
	classes = {
	};
	objectVersion = 46;
	objects = {

/* Begin PBXBuildFile section */
		922725601BBA633600DBC92C /* main.c in Sources */ = {isa = PBXBuildFile; fileRef = 9227255F1BBA633600DBC92C /* main.c */; };
		922725671BBA635400DBC92C /* OpenGL.framework in Frameworks */ = {isa = PBXBuildFile; fileRef = 922725661BBA635400DBC92C /* OpenGL.framework */; };
		9227256B1BBA637400DBC92C /* earth.bmp in CopyFiles */ = {isa = PBXBuildFile; fileRef = 922725681BBA637400DBC92C /* earth.bmp */; };
		9227256C1BBA637400DBC92C /* moon.bmp in CopyFiles */ = {isa = PBXBuildFile; fileRef = 922725691BBA637400DBC92C /* moon.bmp */; };
		9227256D1BBA637400DBC92C /* sun.bmp in CopyFiles */ = {isa = PBXBuildFile; fileRef = 9227256A1BBA637400DBC92C /* sun.bmp */; };
		922725731BBA63A100DBC92C /* image_DXT.c in Sources */ = {isa = PBXBuildFile; fileRef = 9227256E1BBA63A100DBC92C /* image_DXT.c */; };
		922725741BBA63A100DBC92C /* image_helper.c in Sources */ = {isa = PBXBuildFile; fileRef = 9227256F1BBA63A100DBC92C /* image_helper.c */; };
		922725751BBA63A100DBC92C /* SOIL.c in Sources */ = {isa = PBXBuildFile; fileRef = 922725701BBA63A100DBC92C /* SOIL.c */; };
		922725761BBA63A100DBC92C /* SOIL.h in Sources */ = {isa = PBXBuildFile; fileRef = 922725711BBA63A100DBC92C /* SOIL.h */; };
		922725771BBA63A100DBC92C /* stb_image_aug.c in Sources */ = {isa = PBXBuildFile; fileRef = 922725721BBA63A100DBC92C /* stb_image_aug.c */; };
		922725791BBA63F900DBC92C /* src in Sources */ = {isa = PBXBuildFile; fileRef = 922725781BBA63F900DBC92C /* src */; };
		9227257C1BBA6B3400DBC92C /* jupiter.bmp in CopyFiles */ = {isa = PBXBuildFile; fileRef = 9227257A1BBA6B3400DBC92C /* jupiter.bmp */; };
		9227257D1BBA6B3400DBC92C /* space.bmp in CopyFiles */ = {isa = PBXBuildFile; fileRef = 9227257B1BBA6B3400DBC92C /* space.bmp */; };
		922725801BBA815800DBC92C /* galaxy.png in CopyFiles */ = {isa = PBXBuildFile; fileRef = 9227257E1BBA815800DBC92C /* galaxy.png */; };
		922725811BBA815800DBC92C /* space2.jpg in CopyFiles */ = {isa = PBXBuildFile; fileRef = 9227257F1BBA815800DBC92C /* space2.jpg */; };
/* End PBXBuildFile section */

/* Begin PBXCopyFilesBuildPhase section */
		9227255A1BBA633600DBC92C /* CopyFiles */ = {
			isa = PBXCopyFilesBuildPhase;
			buildActionMask = 12;
			dstPath = resources;
			dstSubfolderSpec = 7;
			files = (
				922725801BBA815800DBC92C /* galaxy.png in CopyFiles */,
				922725811BBA815800DBC92C /* space2.jpg in CopyFiles */,
				9227257C1BBA6B3400DBC92C /* jupiter.bmp in CopyFiles */,
				9227257D1BBA6B3400DBC92C /* space.bmp in CopyFiles */,
				9227256B1BBA637400DBC92C /* earth.bmp in CopyFiles */,
				9227256C1BBA637400DBC92C /* moon.bmp in CopyFiles */,
				9227256D1BBA637400DBC92C /* sun.bmp in CopyFiles */,
			);
			runOnlyForDeploymentPostprocessing = 0;
		};
/* End PBXCopyFilesBuildPhase section */

/* Begin PBXFileReference section */
		9227255C1BBA633600DBC92C /* project_jupiter */ = {isa = PBXFileReference; explicitFileType = "compiled.mach-o.executable"; includeInIndex = 0; path = project_jupiter; sourceTree = BUILT_PRODUCTS_DIR; };
		9227255F1BBA633600DBC92C /* main.c */ = {isa = PBXFileReference; lastKnownFileType = sourcecode.c.c; path = main.c; sourceTree = "<group>"; };
		922725661BBA635400DBC92C /* OpenGL.framework */ = {isa = PBXFileReference; lastKnownFileType = wrapper.framework; name = OpenGL.framework; path = System/Library/Frameworks/OpenGL.framework; sourceTree = SDKROOT; };
		922725681BBA637400DBC92C /* earth.bmp */ = {isa = PBXFileReference; lastKnownFileType = image.bmp; name = earth.bmp; path = ../resources/img/earth.bmp; sourceTree = "<group>"; };
		922725691BBA637400DBC92C /* moon.bmp */ = {isa = PBXFileReference; lastKnownFileType = image.bmp; name = moon.bmp; path = ../resources/img/moon.bmp; sourceTree = "<group>"; };
		9227256A1BBA637400DBC92C /* sun.bmp */ = {isa = PBXFileReference; lastKnownFileType = image.bmp; name = sun.bmp; path = ../resources/img/sun.bmp; sourceTree = "<group>"; };
		9227256E1BBA63A100DBC92C /* image_DXT.c */ = {isa = PBXFileReference; lastKnownFileType = sourcecode.c.c; name = image_DXT.c; path = "../library/Simple OpenGL Image Library/src/image_DXT.c"; sourceTree = "<group>"; };
		9227256F1BBA63A100DBC92C /* image_helper.c */ = {isa = PBXFileReference; lastKnownFileType = sourcecode.c.c; name = image_helper.c; path = "../library/Simple OpenGL Image Library/src/image_helper.c"; sourceTree = "<group>"; };
		922725701BBA63A100DBC92C /* SOIL.c */ = {isa = PBXFileReference; lastKnownFileType = sourcecode.c.c; name = SOIL.c; path = "../library/Simple OpenGL Image Library/src/SOIL.c"; sourceTree = "<group>"; };
		922725711BBA63A100DBC92C /* SOIL.h */ = {isa = PBXFileReference; lastKnownFileType = sourcecode.c.h; name = SOIL.h; path = "../library/Simple OpenGL Image Library/src/SOIL.h"; sourceTree = "<group>"; };
		922725721BBA63A100DBC92C /* stb_image_aug.c */ = {isa = PBXFileReference; lastKnownFileType = sourcecode.c.c; name = stb_image_aug.c; path = "../library/Simple OpenGL Image Library/src/stb_image_aug.c"; sourceTree = "<group>"; };
		922725781BBA63F900DBC92C /* src */ = {isa = PBXFileReference; lastKnownFileType = folder; name = src; path = "../library/Simple OpenGL Image Library/src"; sourceTree = "<group>"; };
		9227257A1BBA6B3400DBC92C /* jupiter.bmp */ = {isa = PBXFileReference; lastKnownFileType = image.bmp; name = jupiter.bmp; path = ../resources/img/jupiter.bmp; sourceTree = "<group>"; };
		9227257B1BBA6B3400DBC92C /* space.bmp */ = {isa = PBXFileReference; lastKnownFileType = image.bmp; name = space.bmp; path = ../resources/img/space.bmp; sourceTree = "<group>"; };
		9227257E1BBA815800DBC92C /* galaxy.png */ = {isa = PBXFileReference; lastKnownFileType = image.png; name = galaxy.png; path = ../resources/img/galaxy.png; sourceTree = "<group>"; };
		9227257F1BBA815800DBC92C /* space2.jpg */ = {isa = PBXFileReference; lastKnownFileType = image.jpeg; name = space2.jpg; path = ../resources/img/space2.jpg; sourceTree = "<group>"; };
/* End PBXFileReference section */

/* Begin PBXFrameworksBuildPhase section */
		922725591BBA633600DBC92C /* Frameworks */ = {
			isa = PBXFrameworksBuildPhase;
			buildActionMask = 2147483647;
			files = (
				922725671BBA635400DBC92C /* OpenGL.framework in Frameworks */,
			);
			runOnlyForDeploymentPostprocessing = 0;
		};
/* End PBXFrameworksBuildPhase section */

/* Begin PBXGroup section */
		922725531BBA633600DBC92C = {
			isa = PBXGroup;
			children = (
				9227257E1BBA815800DBC92C /* galaxy.png */,
				9227257F1BBA815800DBC92C /* space2.jpg */,
				9227257A1BBA6B3400DBC92C /* jupiter.bmp */,
				9227257B1BBA6B3400DBC92C /* space.bmp */,
				922725781BBA63F900DBC92C /* src */,
				9227256E1BBA63A100DBC92C /* image_DXT.c */,
				9227256F1BBA63A100DBC92C /* image_helper.c */,
				922725701BBA63A100DBC92C /* SOIL.c */,
				922725711BBA63A100DBC92C /* SOIL.h */,
				922725721BBA63A100DBC92C /* stb_image_aug.c */,
				922725681BBA637400DBC92C /* earth.bmp */,
				922725691BBA637400DBC92C /* moon.bmp */,
				9227256A1BBA637400DBC92C /* sun.bmp */,
				922725661BBA635400DBC92C /* OpenGL.framework */,
				9227255E1BBA633600DBC92C /* project_jupiter */,
				9227255D1BBA633600DBC92C /* Products */,
			);
			sourceTree = "<group>";
		};
		9227255D1BBA633600DBC92C /* Products */ = {
			isa = PBXGroup;
			children = (
				9227255C1BBA633600DBC92C /* project_jupiter */,
			);
			name = Products;
			sourceTree = "<group>";
		};
		9227255E1BBA633600DBC92C /* project_jupiter */ = {
			isa = PBXGroup;
			children = (
				9227255F1BBA633600DBC92C /* main.c */,
			);
			path = project_jupiter;
			sourceTree = "<group>";
		};
/* End PBXGroup section */

/* Begin PBXNativeTarget section */
		9227255B1BBA633600DBC92C /* project_jupiter */ = {
			isa = PBXNativeTarget;
			buildConfigurationList = 922725631BBA633600DBC92C /* Build configuration list for PBXNativeTarget "project_jupiter" */;
			buildPhases = (
				922725581BBA633600DBC92C /* Sources */,
				922725591BBA633600DBC92C /* Frameworks */,
				9227255A1BBA633600DBC92C /* CopyFiles */,
			);
			buildRules = (
			);
			dependencies = (
			);
			name = project_jupiter;
			productName = project_jupiter;
			productReference = 9227255C1BBA633600DBC92C /* project_jupiter */;
			productType = "com.apple.product-type.tool";
		};
/* End PBXNativeTarget section */

/* Begin PBXProject section */
		922725541BBA633600DBC92C /* Project object */ = {
			isa = PBXProject;
			attributes = {
				KnownAssetTags = (
					New,
				);
				LastUpgradeCheck = 0700;
				ORGANIZATIONNAME = "김다혜";
				TargetAttributes = {
					9227255B1BBA633600DBC92C = {
						CreatedOnToolsVersion = 7.0;
					};
				};
			};
			buildConfigurationList = 922725571BBA633600DBC92C /* Build configuration list for PBXProject "project_jupiter" */;
			compatibilityVersion = "Xcode 3.2";
			developmentRegion = English;
			hasScannedForEncodings = 0;
			knownRegions = (
				en,
			);
			mainGroup = 922725531BBA633600DBC92C;
			productRefGroup = 9227255D1BBA633600DBC92C /* Products */;
			projectDirPath = "";
			projectRoot = "";
			targets = (
				9227255B1BBA633600DBC92C /* project_jupiter */,
			);
		};
/* End PBXProject section */

/* Begin PBXSourcesBuildPhase section */
		922725581BBA633600DBC92C /* Sources */ = {
			isa = PBXSourcesBuildPhase;
			buildActionMask = 2147483647;
			files = (
				922725791BBA63F900DBC92C /* src in Sources */,
				922725731BBA63A100DBC92C /* image_DXT.c in Sources */,
				922725741BBA63A100DBC92C /* image_helper.c in Sources */,
				922725751BBA63A100DBC92C /* SOIL.c in Sources */,
				922725761BBA63A100DBC92C /* SOIL.h in Sources */,
				922725771BBA63A100DBC92C /* stb_image_aug.c in Sources */,
				922725601BBA633600DBC92C /* main.c in Sources */,
			);
			runOnlyForDeploymentPostprocessing = 0;
		};
/* End PBXSourcesBuildPhase section */

/* Begin XCBuildConfiguration section */
		922725611BBA633600DBC92C /* Debug */ = {
			isa = XCBuildConfiguration;
			buildSettings = {
				ALWAYS_SEARCH_USER_PATHS = NO;
				CLANG_CXX_LANGUAGE_STANDARD = "gnu++0x";
				CLANG_CXX_LIBRARY = "libc++";
				CLANG_ENABLE_MODULES = YES;
				CLANG_ENABLE_OBJC_ARC = YES;
				CLANG_WARN_BOOL_CONVERSION = YES;
				CLANG_WARN_CONSTANT_CONVERSION = YES;
				CLANG_WARN_DIRECT_OBJC_ISA_USAGE = YES_ERROR;
				CLANG_WARN_EMPTY_BODY = YES;
				CLANG_WARN_ENUM_CONVERSION = YES;
				CLANG_WARN_INT_CONVERSION = YES;
				CLANG_WARN_OBJC_ROOT_CLASS = YES_ERROR;
				CLANG_WARN_UNREACHABLE_CODE = YES;
				CLANG_WARN__DUPLICATE_METHOD_MATCH = YES;
				COPY_PHASE_STRIP = NO;
				DEBUG_INFORMATION_FORMAT = dwarf;
				ENABLE_STRICT_OBJC_MSGSEND = YES;
				ENABLE_TESTABILITY = YES;
				GCC_C_LANGUAGE_STANDARD = gnu99;
				GCC_DYNAMIC_NO_PIC = NO;
				GCC_NO_COMMON_BLOCKS = YES;
				GCC_OPTIMIZATION_LEVEL = 0;
				GCC_PREPROCESSOR_DEFINITIONS = (
					"DEBUG=1",
					"$(inherited)",
				);
				GCC_WARN_64_TO_32_BIT_CONVERSION = YES;
				GCC_WARN_ABOUT_RETURN_TYPE = YES_ERROR;
				GCC_WARN_UNDECLARED_SELECTOR = YES;
				GCC_WARN_UNINITIALIZED_AUTOS = YES_AGGRESSIVE;
				GCC_WARN_UNUSED_FUNCTION = YES;
				GCC_WARN_UNUSED_VARIABLE = YES;
				MACOSX_DEPLOYMENT_TARGET = 10.10;
				MTL_ENABLE_DEBUG_INFO = YES;
				ONLY_ACTIVE_ARCH = YES;
				SDKROOT = macosx;
			};
			name = Debug;
		};
		922725621BBA633600DBC92C /* Release */ = {
			isa = XCBuildConfiguration;
			buildSettings = {
				ALWAYS_SEARCH_USER_PATHS = NO;
				CLANG_CXX_LANGUAGE_STANDARD = "gnu++0x";
				CLANG_CXX_LIBRARY = "libc++";
				CLANG_ENABLE_MODULES = YES;
				CLANG_ENABLE_OBJC_ARC = YES;
				CLANG_WARN_BOOL_CONVERSION = YES;
				CLANG_WARN_CONSTANT_CONVERSION = YES;
				CLANG_WARN_DIRECT_OBJC_ISA_USAGE = YES_ERROR;
				CLANG_WARN_EMPTY_BODY = YES;
				CLANG_WARN_ENUM_CONVERSION = YES;
				CLANG_WARN_INT_CONVERSION = YES;
				CLANG_WARN_OBJC_ROOT_CLASS = YES_ERROR;
				CLANG_WARN_UNREACHABLE_CODE = YES;
				CLANG_WARN__DUPLICATE_METHOD_MATCH = YES;
				COPY_PHASE_STRIP = NO;
				DEBUG_INFORMATION_FORMAT = "dwarf-with-dsym";
				ENABLE_NS_ASSERTIONS = NO;
				ENABLE_STRICT_OBJC_MSGSEND = YES;
				GCC_C_LANGUAGE_STANDARD = gnu99;
				GCC_NO_COMMON_BLOCKS = YES;
				GCC_WARN_64_TO_32_BIT_CONVERSION = YES;
				GCC_WARN_ABOUT_RETURN_TYPE = YES_ERROR;
				GCC_WARN_UNDECLARED_SELECTOR = YES;
				GCC_WARN_UNINITIALIZED_AUTOS = YES_AGGRESSIVE;
				GCC_WARN_UNUSED_FUNCTION = YES;
				GCC_WARN_UNUSED_VARIABLE = YES;
				MACOSX_DEPLOYMENT_TARGET = 10.10;
				MTL_ENABLE_DEBUG_INFO = NO;
				SDKROOT = macosx;
			};
			name = Release;
		};
		922725641BBA633600DBC92C /* Debug */ = {
			isa = XCBuildConfiguration;
			buildSettings = {
				MACOSX_DEPLOYMENT_TARGET = 10.8;
				PRODUCT_NAME = "$(TARGET_NAME)";
			};
			name = Debug;
		};
		922725651BBA633600DBC92C /* Release */ = {
			isa = XCBuildConfiguration;
			buildSettings = {
				MACOSX_DEPLOYMENT_TARGET = 10.8;
				PRODUCT_NAME = "$(TARGET_NAME)";
			};
			name = Release;
		};
/* End XCBuildConfiguration section */

/* Begin XCConfigurationList section */
		922725571BBA633600DBC92C /* Build configuration list for PBXProject "project_jupiter" */ = {
			isa = XCConfigurationList;
			buildConfigurations = (
				922725611BBA633600DBC92C /* Debug */,
				922725621BBA633600DBC92C /* Release */,
			);
			defaultConfigurationIsVisible = 0;
			defaultConfigurationName = Release;
		};
		922725631BBA633600DBC92C /* Build configuration list for PBXNativeTarget "project_jupiter" */ = {
			isa = XCConfigurationList;
			buildConfigurations = (
				922725641BBA633600DBC92C /* Debug */,
				922725651BBA633600DBC92C /* Release */,
			);
			defaultConfigurationIsVisible = 0;
		};
/* End XCConfigurationList section */
	};
	rootObject = 922725541BBA633600DBC92C /* Project object */;
}
