// !$*UTF8*$!
{
	archiveVersion = 1;
	classes = {
	};
	objectVersion = 46;
	objects = {

/* Begin PBXBuildFile section */
		9227254D1BBA57FC00DBC92C /* main.cpp in Sources */ = {isa = PBXBuildFile; fileRef = 9227254C1BBA57FC00DBC92C /* main.cpp */; };
/* End PBXBuildFile section */

/* Begin PBXCopyFilesBuildPhase section */
		922725471BBA57FC00DBC92C /* CopyFiles */ = {
			isa = PBXCopyFilesBuildPhase;
			buildActionMask = 2147483647;
			dstPath = /usr/share/man/man1/;
			dstSubfolderSpec = 0;
			files = (
			);
			runOnlyForDeploymentPostprocessing = 1;
		};
/* End PBXCopyFilesBuildPhase section */

/* Begin PBXFileReference section */
		922725491BBA57FC00DBC92C /* project_jupiter */ = {isa = PBXFileReference; explicitFileType = "compiled.mach-o.executable"; includeInIndex = 0; path = project_jupiter; sourceTree = BUILT_PRODUCTS_DIR; };
		9227254C1BBA57FC00DBC92C /* main.cpp */ = {isa = PBXFileReference; lastKnownFileType = sourcecode.cpp.cpp; path = main.cpp; sourceTree = "<group>"; };
/* End PBXFileReference section */

/* Begin PBXFrameworksBuildPhase section */
		922725461BBA57FC00DBC92C /* Frameworks */ = {
			isa = PBXFrameworksBuildPhase;
			buildActionMask = 2147483647;
			files = (
			);
			runOnlyForDeploymentPostprocessing = 0;
		};
/* End PBXFrameworksBuildPhase section */

/* Begin PBXGroup section */
		922725401BBA57FC00DBC92C = {
			isa = PBXGroup;
			children = (
				9227254B1BBA57FC00DBC92C /* project_jupiter */,
				9227254A1BBA57FC00DBC92C /* Products */,
			);
			sourceTree = "<group>";
		};
		9227254A1BBA57FC00DBC92C /* Products */ = {
			isa = PBXGroup;
			children = (
				922725491BBA57FC00DBC92C /* project_jupiter */,
			);
			name = Products;
			sourceTree = "<group>";
		};
		9227254B1BBA57FC00DBC92C /* project_jupiter */ = {
			isa = PBXGroup;
			children = (
				9227254C1BBA57FC00DBC92C /* main.cpp */,
			);
			path = project_jupiter;
			sourceTree = "<group>";
		};
/* End PBXGroup section */

/* Begin PBXNativeTarget section */
		922725481BBA57FC00DBC92C /* project_jupiter */ = {
			isa = PBXNativeTarget;
			buildConfigurationList = 922725501BBA57FC00DBC92C /* Build configuration list for PBXNativeTarget "project_jupiter" */;
			buildPhases = (
				922725451BBA57FC00DBC92C /* Sources */,
				922725461BBA57FC00DBC92C /* Frameworks */,
				922725471BBA57FC00DBC92C /* CopyFiles */,
			);
			buildRules = (
			);
			dependencies = (
			);
			name = project_jupiter;
			productName = project_jupiter;
			productReference = 922725491BBA57FC00DBC92C /* project_jupiter */;
			productType = "com.apple.product-type.tool";
		};
/* End PBXNativeTarget section */

/* Begin PBXProject section */
		922725411BBA57FC00DBC92C /* Project object */ = {
			isa = PBXProject;
			attributes = {
				LastUpgradeCheck = 0700;
				ORGANIZATIONNAME = "김다혜";
				TargetAttributes = {
					922725481BBA57FC00DBC92C = {
						CreatedOnToolsVersion = 7.0;
					};
				};
			};
			buildConfigurationList = 922725441BBA57FC00DBC92C /* Build configuration list for PBXProject "project_jupiter" */;
			compatibilityVersion = "Xcode 3.2";
			developmentRegion = English;
			hasScannedForEncodings = 0;
			knownRegions = (
				en,
			);
			mainGroup = 922725401BBA57FC00DBC92C;
			productRefGroup = 9227254A1BBA57FC00DBC92C /* Products */;
			projectDirPath = "";
			projectRoot = "";
			targets = (
				922725481BBA57FC00DBC92C /* project_jupiter */,
			);
		};
/* End PBXProject section */

/* Begin PBXSourcesBuildPhase section */
		922725451BBA57FC00DBC92C /* Sources */ = {
			isa = PBXSourcesBuildPhase;
			buildActionMask = 2147483647;
			files = (
				9227254D1BBA57FC00DBC92C /* main.cpp in Sources */,
			);
			runOnlyForDeploymentPostprocessing = 0;
		};
/* End PBXSourcesBuildPhase section */

/* Begin XCBuildConfiguration section */
		9227254E1BBA57FC00DBC92C /* Debug */ = {
			isa = XCBuildConfiguration;
			buildSettings = {
				ALWAYS_SEARCH_USER_PATHS = NO;
				CLANG_CXX_LANGUAGE_STANDARD = "gnu++0x";
				CLANG_CXX_LIBRARY = "libc++";
				CLANG_ENABLE_MODULES = YES;
				CLANG_ENABLE_OBJC_ARC = YES;
				CLANG_WARN_BOOL_CONVERSION = YES;
				CLANG_WARN_CONSTANT_CONVERSION = YES;
				CLANG_WARN_DIRECT_OBJC_ISA_USAGE = YES_ERROR;
				CLANG_WARN_EMPTY_BODY = YES;
				CLANG_WARN_ENUM_CONVERSION = YES;
				CLANG_WARN_INT_CONVERSION = YES;
				CLANG_WARN_OBJC_ROOT_CLASS = YES_ERROR;
				CLANG_WARN_UNREACHABLE_CODE = YES;
				CLANG_WARN__DUPLICATE_METHOD_MATCH = YES;
				COPY_PHASE_STRIP = NO;
				DEBUG_INFORMATION_FORMAT = dwarf;
				ENABLE_STRICT_OBJC_MSGSEND = YES;
				ENABLE_TESTABILITY = YES;
				GCC_C_LANGUAGE_STANDARD = gnu99;
				GCC_DYNAMIC_NO_PIC = NO;
				GCC_NO_COMMON_BLOCKS = YES;
				GCC_OPTIMIZATION_LEVEL = 0;
				GCC_PREPROCESSOR_DEFINITIONS = (
					"DEBUG=1",
					"$(inherited)",
				);
				GCC_WARN_64_TO_32_BIT_CONVERSION = YES;
				GCC_WARN_ABOUT_RETURN_TYPE = YES_ERROR;
				GCC_WARN_UNDECLARED_SELECTOR = YES;
				GCC_WARN_UNINITIALIZED_AUTOS = YES_AGGRESSIVE;
				GCC_WARN_UNUSED_FUNCTION = YES;
				GCC_WARN_UNUSED_VARIABLE = YES;
				MACOSX_DEPLOYMENT_TARGET = 10.10;
				MTL_ENABLE_DEBUG_INFO = YES;
				ONLY_ACTIVE_ARCH = YES;
				SDKROOT = macosx;
			};
			name = Debug;
		};
		9227254F1BBA57FC00DBC92C /* Release */ = {
			isa = XCBuildConfiguration;
			buildSettings = {
				ALWAYS_SEARCH_USER_PATHS = NO;
				CLANG_CXX_LANGUAGE_STANDARD = "gnu++0x";
				CLANG_CXX_LIBRARY = "libc++";
				CLANG_ENABLE_MODULES = YES;
				CLANG_ENABLE_OBJC_ARC = YES;
				CLANG_WARN_BOOL_CONVERSION = YES;
				CLANG_WARN_CONSTANT_CONVERSION = YES;
				CLANG_WARN_DIRECT_OBJC_ISA_USAGE = YES_ERROR;
				CLANG_WARN_EMPTY_BODY = YES;
				CLANG_WARN_ENUM_CONVERSION = YES;
				CLANG_WARN_INT_CONVERSION = YES;
				CLANG_WARN_OBJC_ROOT_CLASS = YES_ERROR;
				CLANG_WARN_UNREACHABLE_CODE = YES;
				CLANG_WARN__DUPLICATE_METHOD_MATCH = YES;
				COPY_PHASE_STRIP = NO;
				DEBUG_INFORMATION_FORMAT = "dwarf-with-dsym";
				ENABLE_NS_ASSERTIONS = NO;
				ENABLE_STRICT_OBJC_MSGSEND = YES;
				GCC_C_LANGUAGE_STANDARD = gnu99;
				GCC_NO_COMMON_BLOCKS = YES;
				GCC_WARN_64_TO_32_BIT_CONVERSION = YES;
				GCC_WARN_ABOUT_RETURN_TYPE = YES_ERROR;
				GCC_WARN_UNDECLARED_SELECTOR = YES;
				GCC_WARN_UNINITIALIZED_AUTOS = YES_AGGRESSIVE;
				GCC_WARN_UNUSED_FUNCTION = YES;
				GCC_WARN_UNUSED_VARIABLE = YES;
				MACOSX_DEPLOYMENT_TARGET = 10.10;
				MTL_ENABLE_DEBUG_INFO = NO;
				SDKROOT = macosx;
			};
			name = Release;
		};
		922725511BBA57FC00DBC92C /* Debug */ = {
			isa = XCBuildConfiguration;
			buildSettings = {
				PRODUCT_NAME = "$(TARGET_NAME)";
			};
			name = Debug;
		};
		922725521BBA57FC00DBC92C /* Release */ = {
			isa = XCBuildConfiguration;
			buildSettings = {
				PRODUCT_NAME = "$(TARGET_NAME)";
			};
			name = Release;
		};
/* End XCBuildConfiguration section */

/* Begin XCConfigurationList section */
		922725441BBA57FC00DBC92C /* Build configuration list for PBXProject "project_jupiter" */ = {
			isa = XCConfigurationList;
			buildConfigurations = (
				9227254E1BBA57FC00DBC92C /* Debug */,
				9227254F1BBA57FC00DBC92C /* Release */,
			);
			defaultConfigurationIsVisible = 0;
			defaultConfigurationName = Release;
		};
		922725501BBA57FC00DBC92C /* Build configuration list for PBXNativeTarget "project_jupiter" */ = {
			isa = XCConfigurationList;
			buildConfigurations = (
				922725511BBA57FC00DBC92C /* Debug */,
				922725521BBA57FC00DBC92C /* Release */,
			);
			defaultConfigurationIsVisible = 0;
		};
/* End XCConfigurationList section */
	};
	rootObject = 922725411BBA57FC00DBC92C /* Project object */;
}
