// !$*UTF8*$!
{
	archiveVersion = 1;
	classes = {
	};
	objectVersion = 46;
	objects = {

/* Begin PBXBuildFile section */
		92708BED1B9D8B0200BDB70A /* main.m in Sources */ = {isa = PBXBuildFile; fileRef = 92708BEC1B9D8B0200BDB70A /* main.m */; };
		92708BF41B9D8B1300BDB70A /* OpenGL.framework in Frameworks */ = {isa = PBXBuildFile; fileRef = 92708BF31B9D8B1300BDB70A /* OpenGL.framework */; };
/* End PBXBuildFile section */

/* Begin PBXCopyFilesBuildPhase section */
		92708BE71B9D8B0200BDB70A /* CopyFiles */ = {
			isa = PBXCopyFilesBuildPhase;
			buildActionMask = 2147483647;
			dstPath = /usr/share/man/man1/;
			dstSubfolderSpec = 0;
			files = (
			);
			runOnlyForDeploymentPostprocessing = 1;
		};
/* End PBXCopyFilesBuildPhase section */

/* Begin PBXFileReference section */
		92708BE91B9D8B0200BDB70A /* atom */ = {isa = PBXFileReference; explicitFileType = "compiled.mach-o.executable"; includeInIndex = 0; path = atom; sourceTree = BUILT_PRODUCTS_DIR; };
		92708BEC1B9D8B0200BDB70A /* main.m */ = {isa = PBXFileReference; lastKnownFileType = sourcecode.c.objc; path = main.m; sourceTree = "<group>"; };
		92708BF31B9D8B1300BDB70A /* OpenGL.framework */ = {isa = PBXFileReference; lastKnownFileType = wrapper.framework; name = OpenGL.framework; path = System/Library/Frameworks/OpenGL.framework; sourceTree = SDKROOT; };
/* End PBXFileReference section */

/* Begin PBXFrameworksBuildPhase section */
		92708BE61B9D8B0200BDB70A /* Frameworks */ = {
			isa = PBXFrameworksBuildPhase;
			buildActionMask = 2147483647;
			files = (
				92708BF41B9D8B1300BDB70A /* OpenGL.framework in Frameworks */,
			);
			runOnlyForDeploymentPostprocessing = 0;
		};
/* End PBXFrameworksBuildPhase section */

/* Begin PBXGroup section */
		92708BE01B9D8B0200BDB70A = {
			isa = PBXGroup;
			children = (
				92708BF31B9D8B1300BDB70A /* OpenGL.framework */,
				92708BEB1B9D8B0200BDB70A /* atom */,
				92708BEA1B9D8B0200BDB70A /* Products */,
			);
			sourceTree = "<group>";
		};
		92708BEA1B9D8B0200BDB70A /* Products */ = {
			isa = PBXGroup;
			children = (
				92708BE91B9D8B0200BDB70A /* atom */,
			);
			name = Products;
			sourceTree = "<group>";
		};
		92708BEB1B9D8B0200BDB70A /* atom */ = {
			isa = PBXGroup;
			children = (
				92708BEC1B9D8B0200BDB70A /* main.m */,
			);
			path = atom;
			sourceTree = "<group>";
		};
/* End PBXGroup section */

/* Begin PBXNativeTarget section */
		92708BE81B9D8B0200BDB70A /* atom */ = {
			isa = PBXNativeTarget;
			buildConfigurationList = 92708BF01B9D8B0200BDB70A /* Build configuration list for PBXNativeTarget "atom" */;
			buildPhases = (
				92708BE51B9D8B0200BDB70A /* Sources */,
				92708BE61B9D8B0200BDB70A /* Frameworks */,
				92708BE71B9D8B0200BDB70A /* CopyFiles */,
			);
			buildRules = (
			);
			dependencies = (
			);
			name = atom;
			productName = atom;
			productReference = 92708BE91B9D8B0200BDB70A /* atom */;
			productType = "com.apple.product-type.tool";
		};
/* End PBXNativeTarget section */

/* Begin PBXProject section */
		92708BE11B9D8B0200BDB70A /* Project object */ = {
			isa = PBXProject;
			attributes = {
				LastUpgradeCheck = 0640;
				ORGANIZATIONNAME = "김다혜";
				TargetAttributes = {
					92708BE81B9D8B0200BDB70A = {
						CreatedOnToolsVersion = 6.4;
					};
				};
			};
			buildConfigurationList = 92708BE41B9D8B0200BDB70A /* Build configuration list for PBXProject "atom" */;
			compatibilityVersion = "Xcode 3.2";
			developmentRegion = English;
			hasScannedForEncodings = 0;
			knownRegions = (
				en,
			);
			mainGroup = 92708BE01B9D8B0200BDB70A;
			productRefGroup = 92708BEA1B9D8B0200BDB70A /* Products */;
			projectDirPath = "";
			projectRoot = "";
			targets = (
				92708BE81B9D8B0200BDB70A /* atom */,
			);
		};
/* End PBXProject section */

/* Begin PBXSourcesBuildPhase section */
		92708BE51B9D8B0200BDB70A /* Sources */ = {
			isa = PBXSourcesBuildPhase;
			buildActionMask = 2147483647;
			files = (
				92708BED1B9D8B0200BDB70A /* main.m in Sources */,
			);
			runOnlyForDeploymentPostprocessing = 0;
		};
/* End PBXSourcesBuildPhase section */

/* Begin XCBuildConfiguration section */
		92708BEE1B9D8B0200BDB70A /* Debug */ = {
			isa = XCBuildConfiguration;
			buildSettings = {
				ALWAYS_SEARCH_USER_PATHS = NO;
				CLANG_CXX_LANGUAGE_STANDARD = "gnu++0x";
				CLANG_CXX_LIBRARY = "libc++";
				CLANG_ENABLE_MODULES = YES;
				CLANG_ENABLE_OBJC_ARC = YES;
				CLANG_WARN_BOOL_CONVERSION = YES;
				CLANG_WARN_CONSTANT_CONVERSION = YES;
				CLANG_WARN_DIRECT_OBJC_ISA_USAGE = YES_ERROR;
				CLANG_WARN_EMPTY_BODY = YES;
				CLANG_WARN_ENUM_CONVERSION = YES;
				CLANG_WARN_INT_CONVERSION = YES;
				CLANG_WARN_OBJC_ROOT_CLASS = YES_ERROR;
				CLANG_WARN_UNREACHABLE_CODE = YES;
				CLANG_WARN__DUPLICATE_METHOD_MATCH = YES;
				COPY_PHASE_STRIP = NO;
				DEBUG_INFORMATION_FORMAT = dwarf;
				ENABLE_STRICT_OBJC_MSGSEND = YES;
				GCC_C_LANGUAGE_STANDARD = gnu99;
				GCC_DYNAMIC_NO_PIC = NO;
				GCC_NO_COMMON_BLOCKS = YES;
				GCC_OPTIMIZATION_LEVEL = 0;
				GCC_PREPROCESSOR_DEFINITIONS = (
					"DEBUG=1",
					"$(inherited)",
				);
				GCC_SYMBOLS_PRIVATE_EXTERN = NO;
				GCC_WARN_64_TO_32_BIT_CONVERSION = YES;
				GCC_WARN_ABOUT_RETURN_TYPE = YES_ERROR;
				GCC_WARN_UNDECLARED_SELECTOR = YES;
				GCC_WARN_UNINITIALIZED_AUTOS = YES_AGGRESSIVE;
				GCC_WARN_UNUSED_FUNCTION = YES;
				GCC_WARN_UNUSED_VARIABLE = YES;
				MACOSX_DEPLOYMENT_TARGET = 10.10;
				MTL_ENABLE_DEBUG_INFO = YES;
				ONLY_ACTIVE_ARCH = YES;
				SDKROOT = macosx;
			};
			name = Debug;
		};
		92708BEF1B9D8B0200BDB70A /* Release */ = {
			isa = XCBuildConfiguration;
			buildSettings = {
				ALWAYS_SEARCH_USER_PATHS = NO;
				CLANG_CXX_LANGUAGE_STANDARD = "gnu++0x";
				CLANG_CXX_LIBRARY = "libc++";
				CLANG_ENABLE_MODULES = YES;
				CLANG_ENABLE_OBJC_ARC = YES;
				CLANG_WARN_BOOL_CONVERSION = YES;
				CLANG_WARN_CONSTANT_CONVERSION = YES;
				CLANG_WARN_DIRECT_OBJC_ISA_USAGE = YES_ERROR;
				CLANG_WARN_EMPTY_BODY = YES;
				CLANG_WARN_ENUM_CONVERSION = YES;
				CLANG_WARN_INT_CONVERSION = YES;
				CLANG_WARN_OBJC_ROOT_CLASS = YES_ERROR;
				CLANG_WARN_UNREACHABLE_CODE = YES;
				CLANG_WARN__DUPLICATE_METHOD_MATCH = YES;
				COPY_PHASE_STRIP = NO;
				DEBUG_INFORMATION_FORMAT = "dwarf-with-dsym";
				ENABLE_NS_ASSERTIONS = NO;
				ENABLE_STRICT_OBJC_MSGSEND = YES;
				GCC_C_LANGUAGE_STANDARD = gnu99;
				GCC_NO_COMMON_BLOCKS = YES;
				GCC_WARN_64_TO_32_BIT_CONVERSION = YES;
				GCC_WARN_ABOUT_RETURN_TYPE = YES_ERROR;
				GCC_WARN_UNDECLARED_SELECTOR = YES;
				GCC_WARN_UNINITIALIZED_AUTOS = YES_AGGRESSIVE;
				GCC_WARN_UNUSED_FUNCTION = YES;
				GCC_WARN_UNUSED_VARIABLE = YES;
				MACOSX_DEPLOYMENT_TARGET = 10.10;
				MTL_ENABLE_DEBUG_INFO = NO;
				SDKROOT = macosx;
			};
			name = Release;
		};
		92708BF11B9D8B0200BDB70A /* Debug */ = {
			isa = XCBuildConfiguration;
			buildSettings = {
				MACOSX_DEPLOYMENT_TARGET = 10.8;
				PRODUCT_NAME = "$(TARGET_NAME)";
			};
			name = Debug;
		};
		92708BF21B9D8B0200BDB70A /* Release */ = {
			isa = XCBuildConfiguration;
			buildSettings = {
				MACOSX_DEPLOYMENT_TARGET = 10.8;
				PRODUCT_NAME = "$(TARGET_NAME)";
			};
			name = Release;
		};
/* End XCBuildConfiguration section */

/* Begin XCConfigurationList section */
		92708BE41B9D8B0200BDB70A /* Build configuration list for PBXProject "atom" */ = {
			isa = XCConfigurationList;
			buildConfigurations = (
				92708BEE1B9D8B0200BDB70A /* Debug */,
				92708BEF1B9D8B0200BDB70A /* Release */,
			);
			defaultConfigurationIsVisible = 0;
			defaultConfigurationName = Release;
		};
		92708BF01B9D8B0200BDB70A /* Build configuration list for PBXNativeTarget "atom" */ = {
			isa = XCConfigurationList;
			buildConfigurations = (
				92708BF11B9D8B0200BDB70A /* Debug */,
				92708BF21B9D8B0200BDB70A /* Release */,
			);
			defaultConfigurationIsVisible = 0;
		};
/* End XCConfigurationList section */
	};
	rootObject = 92708BE11B9D8B0200BDB70A /* Project object */;
}
